// !$*UTF8*$!
{
	archiveVersion = 1;
	classes = {
	};
	objectVersion = 60;
	objects = {

/* Begin PBXBuildFile section */
		BLD000000000000002F /* AppTab.swift in Sources */ = {isa = PBXBuildFile; fileRef = FIL000000000000001C /* AppTab.swift */; };
		BLD0000000000000030 /* BeeveIOSApp.swift in Sources */ = {isa = PBXBuildFile; fileRef = FIL000000000000001D /* BeeveIOSApp.swift */; };
		BLD0000000000000031 /* RootTabView.swift in Sources */ = {isa = PBXBuildFile; fileRef = FIL000000000000001E /* RootTabView.swift */; };
		BLD0000000000000032 /* CatalogView.swift in Sources */ = {isa = PBXBuildFile; fileRef = FIL000000000000001F /* CatalogView.swift */; };
		BLD0000000000000033 /* HomeView.swift in Sources */ = {isa = PBXBuildFile; fileRef = FIL0000000000000020 /* HomeView.swift */; };
		BLD0000000000000034 /* ProductDetailView.swift in Sources */ = {isa = PBXBuildFile; fileRef = FIL0000000000000021 /* ProductDetailView.swift */; };
		BLD0000000000000035 /* ProfileView.swift in Sources */ = {isa = PBXBuildFile; fileRef = FIL0000000000000022 /* ProfileView.swift */; };
		BLD0000000000000036 /* ReminderEditorView.swift in Sources */ = {isa = PBXBuildFile; fileRef = FIL0000000000000023 /* ReminderEditorView.swift */; };
		BLD0000000000000037 /* ReminderListView.swift in Sources */ = {isa = PBXBuildFile; fileRef = FIL0000000000000024 /* ReminderListView.swift */; };
		BLD0000000000000038 /* FavoriteProduct.swift in Sources */ = {isa = PBXBuildFile; fileRef = FIL0000000000000025 /* FavoriteProduct.swift */; };
		BLD0000000000000039 /* NotificationSetting.swift in Sources */ = {isa = PBXBuildFile; fileRef = FIL0000000000000026 /* NotificationSetting.swift */; };
		BLD000000000000003A /* Product.swift in Sources */ = {isa = PBXBuildFile; fileRef = FIL0000000000000027 /* Product.swift */; };
		BLD000000000000003B /* ReminderItem.swift in Sources */ = {isa = PBXBuildFile; fileRef = FIL0000000000000028 /* ReminderItem.swift */; };
		BLD000000000000003C /* UserProfile.swift in Sources */ = {isa = PBXBuildFile; fileRef = FIL0000000000000029 /* UserProfile.swift */; };
		BLD000000000000003D /* NotificationService.swift in Sources */ = {isa = PBXBuildFile; fileRef = FIL000000000000002A /* NotificationService.swift */; };
		BLD000000000000003E /* ProductCatalogService.swift in Sources */ = {isa = PBXBuildFile; fileRef = FIL000000000000002B /* ProductCatalogService.swift */; };
		BLD000000000000003F /* EmptyStateView.swift in Sources */ = {isa = PBXBuildFile; fileRef = FIL000000000000002C /* EmptyStateView.swift */; };
		BLD0000000000000040 /* ProductSummaryRow.swift in Sources */ = {isa = PBXBuildFile; fileRef = FIL000000000000002D /* ProductSummaryRow.swift */; };
		BLD0000000000000041 /* Date+BeeveDisplay.swift in Sources */ = {isa = PBXBuildFile; fileRef = FIL000000000000002E /* Date+BeeveDisplay.swift */; };
/* End PBXBuildFile section */

/* Begin PBXFileReference section */
		FIL0000000000000008 /* BeeveIOS.app */ = {isa = PBXFileReference; explicitFileType = wrapper.application; includeInIndex = 0; path = BeeveIOS.app; sourceTree = BUILT_PRODUCTS_DIR; };
		FIL000000000000001C /* AppTab.swift */ = {isa = PBXFileReference; lastKnownFileType = sourcecode.swift; path = AppTab.swift; sourceTree = "<group>"; };
		FIL000000000000001D /* BeeveIOSApp.swift */ = {isa = PBXFileReference; lastKnownFileType = sourcecode.swift; path = BeeveIOSApp.swift; sourceTree = "<group>"; };
		FIL000000000000001E /* RootTabView.swift */ = {isa = PBXFileReference; lastKnownFileType = sourcecode.swift; path = RootTabView.swift; sourceTree = "<group>"; };
		FIL000000000000001F /* CatalogView.swift */ = {isa = PBXFileReference; lastKnownFileType = sourcecode.swift; path = CatalogView.swift; sourceTree = "<group>"; };
		FIL0000000000000020 /* HomeView.swift */ = {isa = PBXFileReference; lastKnownFileType = sourcecode.swift; path = HomeView.swift; sourceTree = "<group>"; };
		FIL0000000000000021 /* ProductDetailView.swift */ = {isa = PBXFileReference; lastKnownFileType = sourcecode.swift; path = ProductDetailView.swift; sourceTree = "<group>"; };
		FIL0000000000000022 /* ProfileView.swift */ = {isa = PBXFileReference; lastKnownFileType = sourcecode.swift; path = ProfileView.swift; sourceTree = "<group>"; };
		FIL0000000000000023 /* ReminderEditorView.swift */ = {isa = PBXFileReference; lastKnownFileType = sourcecode.swift; path = ReminderEditorView.swift; sourceTree = "<group>"; };
		FIL0000000000000024 /* ReminderListView.swift */ = {isa = PBXFileReference; lastKnownFileType = sourcecode.swift; path = ReminderListView.swift; sourceTree = "<group>"; };
		FIL0000000000000025 /* FavoriteProduct.swift */ = {isa = PBXFileReference; lastKnownFileType = sourcecode.swift; path = FavoriteProduct.swift; sourceTree = "<group>"; };
		FIL0000000000000026 /* NotificationSetting.swift */ = {isa = PBXFileReference; lastKnownFileType = sourcecode.swift; path = NotificationSetting.swift; sourceTree = "<group>"; };
		FIL0000000000000027 /* Product.swift */ = {isa = PBXFileReference; lastKnownFileType = sourcecode.swift; path = Product.swift; sourceTree = "<group>"; };
		FIL0000000000000028 /* ReminderItem.swift */ = {isa = PBXFileReference; lastKnownFileType = sourcecode.swift; path = ReminderItem.swift; sourceTree = "<group>"; };
		FIL0000000000000029 /* UserProfile.swift */ = {isa = PBXFileReference; lastKnownFileType = sourcecode.swift; path = UserProfile.swift; sourceTree = "<group>"; };
		FIL000000000000002A /* NotificationService.swift */ = {isa = PBXFileReference; lastKnownFileType = sourcecode.swift; path = NotificationService.swift; sourceTree = "<group>"; };
		FIL000000000000002B /* ProductCatalogService.swift */ = {isa = PBXFileReference; lastKnownFileType = sourcecode.swift; path = ProductCatalogService.swift; sourceTree = "<group>"; };
		FIL000000000000002C /* EmptyStateView.swift */ = {isa = PBXFileReference; lastKnownFileType = sourcecode.swift; path = EmptyStateView.swift; sourceTree = "<group>"; };
		FIL000000000000002D /* ProductSummaryRow.swift */ = {isa = PBXFileReference; lastKnownFileType = sourcecode.swift; path = ProductSummaryRow.swift; sourceTree = "<group>"; };
		FIL000000000000002E /* Date+BeeveDisplay.swift */ = {isa = PBXFileReference; lastKnownFileType = sourcecode.swift; path = "Date+BeeveDisplay.swift"; sourceTree = "<group>"; };
/* End PBXFileReference section */

/* Begin PBXFrameworksBuildPhase section */
		BPH000000000000000A /* Frameworks */ = {
			isa = PBXFrameworksBuildPhase;
			buildActionMask = 2147483647;
			files = (
			);
			runOnlyForDeploymentPostprocessing = 0;
		};
/* End PBXFrameworksBuildPhase section */

/* Begin PBXGroup section */
		GRP0000000000000002 = {
			isa = PBXGroup;
			children = (
				GRP0000000000000004 /* BeeveIOS */,
				GRP0000000000000003 /* Products */,
			);
			sourceTree = "<group>";
		};
		GRP0000000000000003 /* Products */ = {
			isa = PBXGroup;
			children = (
				FIL0000000000000008 /* BeeveIOS.app */,
			);
			name = Products;
			sourceTree = "<group>";
		};
		GRP0000000000000004 /* BeeveIOS */ = {
			isa = PBXGroup;
			children = (
				GRP0000000000000012 /* App */,
				GRP0000000000000005 /* Features */,
				GRP0000000000000013 /* Models */,
				GRP0000000000000014 /* Services */,
				GRP0000000000000006 /* Shared */,
			);
			path = BeeveIOS;
			sourceTree = "<group>";
		};
		GRP0000000000000005 /* Features */ = {
			isa = PBXGroup;
			children = (
				GRP0000000000000015 /* Catalog */,
				GRP0000000000000016 /* Home */,
				GRP0000000000000017 /* ProductDetail */,
				GRP0000000000000018 /* Profile */,
				GRP0000000000000019 /* Reminders */,
			);
			path = Features;
			sourceTree = "<group>";
		};
		GRP0000000000000006 /* Shared */ = {
			isa = PBXGroup;
			children = (
				GRP000000000000001A /* Components */,
				GRP000000000000001B /* Extensions */,
			);
			path = Shared;
			sourceTree = "<group>";
		};
		GRP0000000000000012 /* App */ = {
			isa = PBXGroup;
			children = (
				FIL000000000000001C /* AppTab.swift */,
				FIL000000000000001D /* BeeveIOSApp.swift */,
				FIL000000000000001E /* RootTabView.swift */,
			);
			path = App;
			sourceTree = "<group>";
		};
		GRP0000000000000013 /* Models */ = {
			isa = PBXGroup;
			children = (
				FIL0000000000000025 /* FavoriteProduct.swift */,
				FIL0000000000000026 /* NotificationSetting.swift */,
				FIL0000000000000027 /* Product.swift */,
				FIL0000000000000028 /* ReminderItem.swift */,
				FIL0000000000000029 /* UserProfile.swift */,
			);
			path = Models;
			sourceTree = "<group>";
		};
		GRP0000000000000014 /* Services */ = {
			isa = PBXGroup;
			children = (
				FIL000000000000002A /* NotificationService.swift */,
				FIL000000000000002B /* ProductCatalogService.swift */,
			);
			path = Services;
			sourceTree = "<group>";
		};
		GRP0000000000000015 /* Catalog */ = {
			isa = PBXGroup;
			children = (
				FIL000000000000001F /* CatalogView.swift */,
			);
			path = Catalog;
			sourceTree = "<group>";
		};
		GRP0000000000000016 /* Home */ = {
			isa = PBXGroup;
			children = (
				FIL0000000000000020 /* HomeView.swift */,
			);
			path = Home;
			sourceTree = "<group>";
		};
		GRP0000000000000017 /* ProductDetail */ = {
			isa = PBXGroup;
			children = (
				FIL0000000000000021 /* ProductDetailView.swift */,
			);
			path = ProductDetail;
			sourceTree = "<group>";
		};
		GRP0000000000000018 /* Profile */ = {
			isa = PBXGroup;
			children = (
				FIL0000000000000022 /* ProfileView.swift */,
			);
			path = Profile;
			sourceTree = "<group>";
		};
		GRP0000000000000019 /* Reminders */ = {
			isa = PBXGroup;
			children = (
				FIL0000000000000023 /* ReminderEditorView.swift */,
				FIL0000000000000024 /* ReminderListView.swift */,
			);
			path = Reminders;
			sourceTree = "<group>";
		};
		GRP000000000000001A /* Components */ = {
			isa = PBXGroup;
			children = (
				FIL000000000000002C /* EmptyStateView.swift */,
				FIL000000000000002D /* ProductSummaryRow.swift */,
			);
			path = Components;
			sourceTree = "<group>";
		};
		GRP000000000000001B /* Extensions */ = {
			isa = PBXGroup;
			children = (
				FIL000000000000002E /* Date+BeeveDisplay.swift */,
			);
			path = Extensions;
			sourceTree = "<group>";
		};
/* End PBXGroup section */

/* Begin PBXNativeTarget section */
		TGT0000000000000007 /* BeeveIOS */ = {
			isa = PBXNativeTarget;
			buildConfigurationList = CFG000000000000000D /* Build configuration list for PBXNativeTarget "BeeveIOS" */;
			buildPhases = (
				BPH0000000000000009 /* Sources */,
				BPH000000000000000A /* Frameworks */,
				BPH000000000000000B /* Resources */,
			);
			buildRules = (
			);
			dependencies = (
			);
			name = BeeveIOS;
			productName = BeeveIOS;
			productReference = FIL0000000000000008 /* BeeveIOS.app */;
			productType = "com.apple.product-type.application";
		};
/* End PBXNativeTarget section */

/* Begin PBXProject section */
		PRJ0000000000000001 /* Project object */ = {
			isa = PBXProject;
			attributes = {
				BuildIndependentTargetsInParallel = 1;
				LastSwiftUpdateCheck = 1640;
				LastUpgradeCheck = 1640;
				TargetAttributes = {
					TGT0000000000000007 = {
						CreatedOnToolsVersion = 16.4;
					};
				};
			};
			buildConfigurationList = CFG000000000000000C /* Build configuration list for PBXProject "BeeveIOS" */;
			compatibilityVersion = "Xcode 15.0";
			developmentRegion = en;
			hasScannedForEncodings = 0;
			knownRegions = (
				en,
				Base,
			);
			mainGroup = GRP0000000000000002;
			productRefGroup = GRP0000000000000003 /* Products */;
			projectDirPath = "";
			projectRoot = "";
			targets = (
				TGT0000000000000007 /* BeeveIOS */,
			);
		};
/* End PBXProject section */

/* Begin PBXResourcesBuildPhase section */
		BPH000000000000000B /* Resources */ = {
			isa = PBXResourcesBuildPhase;
			buildActionMask = 2147483647;
			files = (
			);
			runOnlyForDeploymentPostprocessing = 0;
		};
/* End PBXResourcesBuildPhase section */

/* Begin PBXSourcesBuildPhase section */
		BPH0000000000000009 /* Sources */ = {
			isa = PBXSourcesBuildPhase;
			buildActionMask = 2147483647;
			files = (
				BLD000000000000002F /* AppTab.swift in Sources */,
				BLD0000000000000030 /* BeeveIOSApp.swift in Sources */,
				BLD0000000000000031 /* RootTabView.swift in Sources */,
				BLD0000000000000032 /* CatalogView.swift in Sources */,
				BLD0000000000000033 /* HomeView.swift in Sources */,
				BLD0000000000000034 /* ProductDetailView.swift in Sources */,
				BLD0000000000000035 /* ProfileView.swift in Sources */,
				BLD0000000000000036 /* ReminderEditorView.swift in Sources */,
				BLD0000000000000037 /* ReminderListView.swift in Sources */,
				BLD0000000000000038 /* FavoriteProduct.swift in Sources */,
				BLD0000000000000039 /* NotificationSetting.swift in Sources */,
				BLD000000000000003A /* Product.swift in Sources */,
				BLD000000000000003B /* ReminderItem.swift in Sources */,
				BLD000000000000003C /* UserProfile.swift in Sources */,
				BLD000000000000003D /* NotificationService.swift in Sources */,
				BLD000000000000003E /* ProductCatalogService.swift in Sources */,
				BLD000000000000003F /* EmptyStateView.swift in Sources */,
				BLD0000000000000040 /* ProductSummaryRow.swift in Sources */,
				BLD0000000000000041 /* Date+BeeveDisplay.swift in Sources */,
			);
			runOnlyForDeploymentPostprocessing = 0;
		};
/* End PBXSourcesBuildPhase section */

/* Begin XCBuildConfiguration section */
		BCT000000000000000E /* Debug */ = {
			isa = XCBuildConfiguration;
			buildSettings = {
				ALWAYS_SEARCH_USER_PATHS = NO;
				CLANG_ENABLE_MODULES = YES;
				COPY_PHASE_STRIP = NO;
				DEBUG_INFORMATION_FORMAT = dwarf;
				ENABLE_STRICT_OBJC_MSGSEND = YES;
				ENABLE_TESTABILITY = YES;
				GCC_C_LANGUAGE_STANDARD = gnu17;
				GCC_DYNAMIC_NO_PIC = NO;
				GCC_NO_COMMON_BLOCKS = YES;
				GCC_OPTIMIZATION_LEVEL = 0;
				GCC_PREPROCESSOR_DEFINITIONS = (
					"DEBUG=1",
					"$(inherited)",
				);
				IPHONEOS_DEPLOYMENT_TARGET = 17.0;
				ONLY_ACTIVE_ARCH = YES;
				SDKROOT = iphoneos;
				SWIFT_ACTIVE_COMPILATION_CONDITIONS = DEBUG;
				SWIFT_OPTIMIZATION_LEVEL = "-Onone";
			};
			name = Debug;
		};
		BCT000000000000000F /* Release */ = {
			isa = XCBuildConfiguration;
			buildSettings = {
				ALWAYS_SEARCH_USER_PATHS = NO;
				CLANG_ENABLE_MODULES = YES;
				COPY_PHASE_STRIP = NO;
				DEBUG_INFORMATION_FORMAT = "dwarf-with-dsym";
				ENABLE_NS_ASSERTIONS = NO;
				ENABLE_STRICT_OBJC_MSGSEND = YES;
				GCC_C_LANGUAGE_STANDARD = gnu17;
				GCC_NO_COMMON_BLOCKS = YES;
				IPHONEOS_DEPLOYMENT_TARGET = 17.0;
				SDKROOT = iphoneos;
				SWIFT_COMPILATION_MODE = wholemodule;
				SWIFT_OPTIMIZATION_LEVEL = "-O";
				VALIDATE_PRODUCT = YES;
			};
			name = Release;
		};
		BCT0000000000000010 /* Debug */ = {
			isa = XCBuildConfiguration;
			buildSettings = {
				CODE_SIGN_IDENTITY = "Apple Development";
				CODE_SIGN_STYLE = Automatic;
				CURRENT_PROJECT_VERSION = 1;
				DEVELOPMENT_TEAM = A449G5Q45K;
				GENERATE_INFOPLIST_FILE = YES;
				INFOPLIST_KEY_CFBundleDisplayName = Beeve;
				INFOPLIST_KEY_UIApplicationSceneManifest_Generation = YES;
				INFOPLIST_KEY_UILaunchScreen_Generation = YES;
				INFOPLIST_KEY_UISupportedInterfaceOrientations_iPhone = UIInterfaceOrientationPortrait;
				IPHONEOS_DEPLOYMENT_TARGET = 17.0;
				LD_RUNPATH_SEARCH_PATHS = (
					"$(inherited)",
					"@executable_path/Frameworks",
				);
				MARKETING_VERSION = 0.1.0;
				PRODUCT_BUNDLE_IDENTIFIER = com.beeve.ios;
				PRODUCT_NAME = "$(TARGET_NAME)";
				PROVISIONING_PROFILE_SPECIFIER = "";
				SDKROOT = iphoneos;
				SUPPORTED_PLATFORMS = "iphoneos iphonesimulator";
				SWIFT_EMIT_LOC_STRINGS = YES;
				SWIFT_VERSION = 6.0;
				TARGETED_DEVICE_FAMILY = 1;
			};
			name = Debug;
		};
		BCT0000000000000011 /* Release */ = {
			isa = XCBuildConfiguration;
			buildSettings = {
				CODE_SIGN_IDENTITY = "Apple Development";
				CODE_SIGN_STYLE = Automatic;
				CURRENT_PROJECT_VERSION = 1;
				DEVELOPMENT_TEAM = A449G5Q45K;
				GENERATE_INFOPLIST_FILE = YES;
				INFOPLIST_KEY_CFBundleDisplayName = Beeve;
				INFOPLIST_KEY_UIApplicationSceneManifest_Generation = YES;
				INFOPLIST_KEY_UILaunchScreen_Generation = YES;
				INFOPLIST_KEY_UISupportedInterfaceOrientations_iPhone = UIInterfaceOrientationPortrait;
				IPHONEOS_DEPLOYMENT_TARGET = 17.0;
				LD_RUNPATH_SEARCH_PATHS = (
					"$(inherited)",
					"@executable_path/Frameworks",
				);
				MARKETING_VERSION = 0.1.0;
				PRODUCT_BUNDLE_IDENTIFIER = com.beeve.ios;
				PRODUCT_NAME = "$(TARGET_NAME)";
				PROVISIONING_PROFILE_SPECIFIER = "";
				SDKROOT = iphoneos;
				SUPPORTED_PLATFORMS = "iphoneos iphonesimulator";
				SWIFT_EMIT_LOC_STRINGS = YES;
				SWIFT_VERSION = 6.0;
				TARGETED_DEVICE_FAMILY = 1;
			};
			name = Release;
		};
/* End XCBuildConfiguration section */

/* Begin XCConfigurationList section */
		CFG000000000000000C /* Build configuration list for PBXProject "BeeveIOS" */ = {
			isa = XCConfigurationList;
			buildConfigurations = (
				BCT000000000000000E /* Debug */,
				BCT000000000000000F /* Release */,
			);
			defaultConfigurationIsVisible = 0;
			defaultConfigurationName = Release;
		};
		CFG000000000000000D /* Build configuration list for PBXNativeTarget "BeeveIOS" */ = {
			isa = XCConfigurationList;
			buildConfigurations = (
				BCT0000000000000010 /* Debug */,
				BCT0000000000000011 /* Release */,
			);
			defaultConfigurationIsVisible = 0;
			defaultConfigurationName = Release;
		};
/* End XCConfigurationList section */
	};
	rootObject = PRJ0000000000000001 /* Project object */;
}
